
Microsoft Visual Studio Solution File, Format Version 12.00
# Visual Studio Version 16
VisualStudioVersion = 16.0.31402.337
MinimumVisualStudioVersion = 10.0.40219.1
Project("{FAE04EC0-301F-11D3-BF4B-00C04F79EFBC}") = "AutocadCommands", "AutocadCommands\AutocadCommands.csproj", "{665DEEAB-03A0-4138-AEDE-B2D8463AEA38}"
EndProject
Project("{FAE04EC0-301F-11D3-BF4B-00C04F79EFBC}") = "AutoCommands.Test", "AutoCommands.Test\AutoCommands.Test.csproj", "{E01D1A6F-CA88-425C-88A3-2A37174D8829}"
EndProject
Project("{FAE04EC0-301F-11D3-BF4B-00C04F79EFBC}") = "AutocadRibbonUI", "AutocadRibbonUI\AutocadRibbonUI.csproj", "{0F082D9F-C2DB-4AC3-8E16-E79EFD3BD2A5}"
EndProject
Project("{FAE04EC0-301F-11D3-BF4B-00C04F79EFBC}") = "CommonHelpers", "CommonHelpers\CommonHelpers.csproj", "{F9908F2A-A3F8-49AD-927D-7D85A471FE63}"
EndProject
Project("{FAE04EC0-301F-11D3-BF4B-00C04F79EFBC}") = "AutocadTerminalsManager", "AutocadTerminalsManager\AutocadTerminalsManager.csproj", "{CC14970F-73C3-4560-AF28-B713B561D6E8}"
EndProject
Global
	GlobalSection(SolutionConfigurationPlatforms) = preSolution
		Debug|Any CPU = Debug|Any CPU
		Release|Any CPU = Release|Any CPU
	EndGlobalSection
	GlobalSection(ProjectConfigurationPlatforms) = postSolution
		{665DEEAB-03A0-4138-AEDE-B2D8463AEA38}.Debug|Any CPU.ActiveCfg = Debug|Any CPU
		{665DEEAB-03A0-4138-AEDE-B2D8463AEA38}.Debug|Any CPU.Build.0 = Debug|Any CPU
		{665DEEAB-03A0-4138-AEDE-B2D8463AEA38}.Release|Any CPU.ActiveCfg = Release|Any CPU
		{665DEEAB-03A0-4138-AEDE-B2D8463AEA38}.Release|Any CPU.Build.0 = Release|Any CPU
		{E01D1A6F-CA88-425C-88A3-2A37174D8829}.Debug|Any CPU.ActiveCfg = Debug|Any CPU
		{E01D1A6F-CA88-425C-88A3-2A37174D8829}.Debug|Any CPU.Build.0 = Debug|Any CPU
		{E01D1A6F-CA88-425C-88A3-2A37174D8829}.Release|Any CPU.ActiveCfg = Release|Any CPU
		{E01D1A6F-CA88-425C-88A3-2A37174D8829}.Release|Any CPU.Build.0 = Release|Any CPU
		{0F082D9F-C2DB-4AC3-8E16-E79EFD3BD2A5}.Debug|Any CPU.ActiveCfg = Debug|Any CPU
		{0F082D9F-C2DB-4AC3-8E16-E79EFD3BD2A5}.Debug|Any CPU.Build.0 = Debug|Any CPU
		{0F082D9F-C2DB-4AC3-8E16-E79EFD3BD2A5}.Release|Any CPU.ActiveCfg = Release|Any CPU
		{0F082D9F-C2DB-4AC3-8E16-E79EFD3BD2A5}.Release|Any CPU.Build.0 = Release|Any CPU
		{F9908F2A-A3F8-49AD-927D-7D85A471FE63}.Debug|Any CPU.ActiveCfg = Debug|Any CPU
		{F9908F2A-A3F8-49AD-927D-7D85A471FE63}.Debug|Any CPU.Build.0 = Debug|Any CPU
		{F9908F2A-A3F8-49AD-927D-7D85A471FE63}.Release|Any CPU.ActiveCfg = Release|Any CPU
		{F9908F2A-A3F8-49AD-927D-7D85A471FE63}.Release|Any CPU.Build.0 = Release|Any CPU
		{CC14970F-73C3-4560-AF28-B713B561D6E8}.Debug|Any CPU.ActiveCfg = Debug|Any CPU
		{CC14970F-73C3-4560-AF28-B713B561D6E8}.Debug|Any CPU.Build.0 = Debug|Any CPU
		{CC14970F-73C3-4560-AF28-B713B561D6E8}.Release|Any CPU.ActiveCfg = Release|Any CPU
		{CC14970F-73C3-4560-AF28-B713B561D6E8}.Release|Any CPU.Build.0 = Release|Any CPU
	EndGlobalSection
	GlobalSection(SolutionProperties) = preSolution
		HideSolutionNode = FALSE
	EndGlobalSection
	GlobalSection(ExtensibilityGlobals) = postSolution
		SolutionGuid = {D30AB256-E7F3-4E2B-B942-AA76CA35C13D}
	EndGlobalSection
EndGlobal
